// !$*UTF8*$!
{
	archiveVersion = 1;
	classes = {
	};
	objectVersion = 70;
	objects = {

/* Begin PBXBuildFile section */
		6389A96D2F9423ED000B62BF /* WidgetKit.framework in Frameworks */ = {isa = PBXBuildFile; fileRef = 6389A96C2F9423ED000B62BF /* WidgetKit.framework */; };
		6389A96F2F9423ED000B62BF /* SwiftUI.framework in Frameworks */ = {isa = PBXBuildFile; fileRef = 6389A96E2F9423ED000B62BF /* SwiftUI.framework */; };
		6389A97C2F9423EE000B62BF /* StreakmapWidgetExtension.appex in Embed Foundation Extensions */ = {isa = PBXBuildFile; fileRef = 6389A96A2F9423ED000B62BF /* StreakmapWidgetExtension.appex */; settings = {ATTRIBUTES = (RemoveHeadersOnCopy, ); }; };
		A00100010000000100000001 /* StreakmapApp.swift in Sources */ = {isa = PBXBuildFile; fileRef = A00200010000000100000001 /* StreakmapApp.swift */; };
		A00100010000000100000002 /* Color+Hex.swift in Sources */ = {isa = PBXBuildFile; fileRef = A00200010000000100000002 /* Color+Hex.swift */; };
		A00100010000000100000003 /* StreakmapTheme.swift in Sources */ = {isa = PBXBuildFile; fileRef = A00200010000000100000003 /* StreakmapTheme.swift */; };
		A00100010000000100000004 /* AppState.swift in Sources */ = {isa = PBXBuildFile; fileRef = A00200010000000100000004 /* AppState.swift */; };
		A00100010000000100000005 /* Habit.swift in Sources */ = {isa = PBXBuildFile; fileRef = A00200010000000100000005 /* Habit.swift */; };
		A00100010000000100000006 /* HabitColor.swift in Sources */ = {isa = PBXBuildFile; fileRef = A00200010000000100000006 /* HabitColor.swift */; };
		A00100010000000100000007 /* HabitEntry.swift in Sources */ = {isa = PBXBuildFile; fileRef = A00200010000000100000007 /* HabitEntry.swift */; };
		A00100010000000100000008 /* HapticService.swift in Sources */ = {isa = PBXBuildFile; fileRef = A00200010000000100000008 /* HapticService.swift */; };
		A0010001000000010000000A /* ReminderService.swift in Sources */ = {isa = PBXBuildFile; fileRef = A0020001000000010000000A /* ReminderService.swift */; };
		A0010001000000010000000B /* GlobalHeatmapView.swift in Sources */ = {isa = PBXBuildFile; fileRef = A0020001000000010000000B /* GlobalHeatmapView.swift */; };
		A0010001000000010000000C /* HabitCard.swift in Sources */ = {isa = PBXBuildFile; fileRef = A0020001000000010000000C /* HabitCard.swift */; };
		A0010001000000010000000D /* HabitHeatmapView.swift in Sources */ = {isa = PBXBuildFile; fileRef = A0020001000000010000000D /* HabitHeatmapView.swift */; };
		A0010001000000010000000E /* HeatmapCell.swift in Sources */ = {isa = PBXBuildFile; fileRef = A0020001000000010000000E /* HeatmapCell.swift */; };
		A0010001000000010000000F /* SectionCard.swift in Sources */ = {isa = PBXBuildFile; fileRef = A0020001000000010000000F /* SectionCard.swift */; };
		A00100010000000100000010 /* AddHabitView.swift in Sources */ = {isa = PBXBuildFile; fileRef = A00200010000000100000010 /* AddHabitView.swift */; };
		A00100010000000100000011 /* HabitsView.swift in Sources */ = {isa = PBXBuildFile; fileRef = A00200010000000100000011 /* HabitsView.swift */; };
		A00100010000000100000012 /* HomeView.swift in Sources */ = {isa = PBXBuildFile; fileRef = A00200010000000100000012 /* HomeView.swift */; };
		A00100010000000100000013 /* InsightsView.swift in Sources */ = {isa = PBXBuildFile; fileRef = A00200010000000100000013 /* InsightsView.swift */; };
		A00100010000000100000014 /* OnboardingView.swift in Sources */ = {isa = PBXBuildFile; fileRef = A00200010000000100000014 /* OnboardingView.swift */; };
		A00100010000000100000015 /* PremiumView.swift in Sources */ = {isa = PBXBuildFile; fileRef = A00200010000000100000015 /* PremiumView.swift */; };
		A00100010000000100000016 /* RootTabView.swift in Sources */ = {isa = PBXBuildFile; fileRef = A00200010000000100000016 /* RootTabView.swift */; };
		A00100010000000100000017 /* Assets.xcassets in Resources */ = {isa = PBXBuildFile; fileRef = A00200010000000100000017 /* Assets.xcassets */; };
		A00100010000000100000018 /* Preview Assets.xcassets in Resources */ = {isa = PBXBuildFile; fileRef = A00200010000000100000018 /* Preview Assets.xcassets */; };
		A0010001000000010000001A /* DayDetailView.swift in Sources */ = {isa = PBXBuildFile; fileRef = A0020001000000010000001B /* DayDetailView.swift */; };
		A0010001000000010000001B /* HabitDetailView.swift in Sources */ = {isa = PBXBuildFile; fileRef = A0020001000000010000001C /* HabitDetailView.swift */; };
		A0010001000000010000001C /* InsightStatCard.swift in Sources */ = {isa = PBXBuildFile; fileRef = A0020001000000010000001D /* InsightStatCard.swift */; };
		A0010001000000010000001D /* PersistenceService.swift in Sources */ = {isa = PBXBuildFile; fileRef = A0020001000000010000001E /* PersistenceService.swift */; };
		A0010001000000010000001E /* AppStorageKeys.swift in Sources */ = {isa = PBXBuildFile; fileRef = A0020001000000010000001F /* AppStorageKeys.swift */; };
		A0010001000000010000001F /* SettingsView.swift in Sources */ = {isa = PBXBuildFile; fileRef = A00200010000000100000020 /* SettingsView.swift */; };
		A00100010000000100000020 /* HabitRecord.swift in Sources */ = {isa = PBXBuildFile; fileRef = A00200010000000100000021 /* HabitRecord.swift */; };
		A00100010000000100000021 /* HabitEntryRecord.swift in Sources */ = {isa = PBXBuildFile; fileRef = A00200010000000100000022 /* HabitEntryRecord.swift */; };
		A00100010000000100000022 /* StoreKitService.swift in Sources */ = {isa = PBXBuildFile; fileRef = A00200010000000100000023 /* StoreKitService.swift */; };
		A00100010000000100000023 /* PremiumProduct.swift in Sources */ = {isa = PBXBuildFile; fileRef = A00200010000000100000024 /* PremiumProduct.swift */; };
		A00100010000000100000024 /* PricingCard.swift in Sources */ = {isa = PBXBuildFile; fileRef = A00200010000000100000025 /* PricingCard.swift */; };
		A00100010000000100000025 /* EmptyStateCard.swift in Sources */ = {isa = PBXBuildFile; fileRef = A00200010000000100000026 /* EmptyStateCard.swift */; };
		A00100010000000100000026 /* SwiftDataBootstrapService.swift in Sources */ = {isa = PBXBuildFile; fileRef = A00200010000000100000027 /* SwiftDataBootstrapService.swift */; };
		A00100010000000100000027 /* SwiftDataStore.swift in Sources */ = {isa = PBXBuildFile; fileRef = A00200010000000100000028 /* SwiftDataStore.swift */; };
		A00100010000000100000028 /* SwiftDataMigrationPlan.md in Resources */ = {isa = PBXBuildFile; fileRef = A00200010000000100000029 /* SwiftDataMigrationPlan.md */; };
		A00100010000000100000029 /* HeroStatPill.swift in Sources */ = {isa = PBXBuildFile; fileRef = A0020001000000010000002A /* HeroStatPill.swift */; };
		A0010001000000010000002A /* PrimaryButtonStyle.swift in Sources */ = {isa = PBXBuildFile; fileRef = A0020001000000010000002B /* PrimaryButtonStyle.swift */; };
		A0010001000000010000002B /* ScreenHeader.swift in Sources */ = {isa = PBXBuildFile; fileRef = A0020001000000010000002C /* ScreenHeader.swift */; };
		A0010001000000010000002C /* EditHabitView.swift in Sources */ = {isa = PBXBuildFile; fileRef = A0020001000000010000002D /* EditHabitView.swift */; };
		A0010001000000010000002D /* SecondaryButtonStyle.swift in Sources */ = {isa = PBXBuildFile; fileRef = A0020001000000010000002E /* SecondaryButtonStyle.swift */; };
		A0010001000000010000002E /* HabitIcon.swift in Sources */ = {isa = PBXBuildFile; fileRef = A0020001000000010000002F /* HabitIcon.swift */; };
		A0010001000000010000002F /* IconPickerGrid.swift in Sources */ = {isa = PBXBuildFile; fileRef = A00200010000000100000030 /* IconPickerGrid.swift */; };
		A00100010000000100000030 /* ColorSwatchPicker.swift in Sources */ = {isa = PBXBuildFile; fileRef = A00200010000000100000031 /* ColorSwatchPicker.swift */; };
		A00100010000000100000031 /* OnboardingFlowView.swift in Sources */ = {isa = PBXBuildFile; fileRef = A00200010000000100000032 /* OnboardingFlowView.swift */; };
		A00100010000000100000032 /* HeatmapLegend.swift in Sources */ = {isa = PBXBuildFile; fileRef = A00200010000000100000033 /* HeatmapLegend.swift */; };
		A00100010000000100000033 /* MockHeatmapCard.swift in Sources */ = {isa = PBXBuildFile; fileRef = A00200010000000100000034 /* MockHeatmapCard.swift */; };
		A00100010000000100000034 /* FirstHabitSetupView.swift in Sources */ = {isa = PBXBuildFile; fileRef = A00200010000000100000035 /* FirstHabitSetupView.swift */; };
		A00100010000000100000035 /* HabitStatusRow.swift in Sources */ = {isa = PBXBuildFile; fileRef = A00200010000000100000036 /* HabitStatusRow.swift */; };
		A00100010000000100000036 /* GlobalDayDetailView.swift in Sources */ = {isa = PBXBuildFile; fileRef = A00200010000000100000037 /* GlobalDayDetailView.swift */; };
		A00100010000000100000037 /* FeatureBulletRow.swift in Sources */ = {isa = PBXBuildFile; fileRef = A00200010000000100000038 /* FeatureBulletRow.swift */; };
		A00100010000000100000038 /* PlanComparisonCard.swift in Sources */ = {isa = PBXBuildFile; fileRef = A00200010000000100000039 /* PlanComparisonCard.swift */; };
		A00100010000000100000039 /* WidgetEntryModels.swift in Sources */ = {isa = PBXBuildFile; fileRef = A0020001000000010000003A /* WidgetEntryModels.swift */; };
		A0010001000000010000003A /* WidgetDataBuilder.swift in Sources */ = {isa = PBXBuildFile; fileRef = A0020001000000010000003B /* WidgetDataBuilder.swift */; };
		A0010001000000010000003B /* WidgetStorage.swift in Sources */ = {isa = PBXBuildFile; fileRef = A0020001000000010000003C /* WidgetStorage.swift */; };
		A0010001000000010000003C /* SectionTitleRow.swift in Sources */ = {isa = PBXBuildFile; fileRef = A0020001000000010000003D /* SectionTitleRow.swift */; };
		A0010001000000010000003D /* StatusBadge.swift in Sources */ = {isa = PBXBuildFile; fileRef = A0020001000000010000003E /* StatusBadge.swift */; };
		A0010001000000010000003E /* SettingsActionRow.swift in Sources */ = {isa = PBXBuildFile; fileRef = A0020001000000010000003F /* SettingsActionRow.swift */; };
		A0010001000000010000003F /* WidgetConfig.swift in Sources */ = {isa = PBXBuildFile; fileRef = A00200010000000100000040 /* WidgetConfig.swift */; };
		A00100010000000100000040 /* CompactYearHeatmapGrid.swift in Sources */ = {isa = PBXBuildFile; fileRef = A00200010000000100000042 /* CompactYearHeatmapGrid.swift */; };
		A00100010000000100000041 /* HabitWidgetEntryModels.swift in Sources */ = {isa = PBXBuildFile; fileRef = A00200010000000100000043 /* HabitWidgetEntryModels.swift */; };
/* End PBXBuildFile section */

/* Begin PBXContainerItemProxy section */
		6389A97A2F9423EE000B62BF /* PBXContainerItemProxy */ = {
			isa = PBXContainerItemProxy;
			containerPortal = A00700010000000100000001 /* Project object */;
			proxyType = 1;
			remoteGlobalIDString = 6389A9692F9423ED000B62BF;
			remoteInfo = StreakmapWidgetExtension;
		};
/* End PBXContainerItemProxy section */

/* Begin PBXCopyFilesBuildPhase section */
		6389A97D2F9423EE000B62BF /* Embed Foundation Extensions */ = {
			isa = PBXCopyFilesBuildPhase;
			buildActionMask = 2147483647;
			dstPath = "";
			dstSubfolderSpec = 13;
			files = (
				6389A97C2F9423EE000B62BF /* StreakmapWidgetExtension.appex in Embed Foundation Extensions */,
			);
			name = "Embed Foundation Extensions";
			runOnlyForDeploymentPostprocessing = 0;
		};
/* End PBXCopyFilesBuildPhase section */

/* Begin PBXFileReference section */
		633C4B792F942001001083FA /* Streakmap.entitlements */ = {isa = PBXFileReference; lastKnownFileType = text.plist.entitlements; path = Streakmap.entitlements; sourceTree = "<group>"; };
		6389A96A2F9423ED000B62BF /* StreakmapWidgetExtension.appex */ = {isa = PBXFileReference; explicitFileType = "wrapper.app-extension"; includeInIndex = 0; path = StreakmapWidgetExtension.appex; sourceTree = BUILT_PRODUCTS_DIR; };
		6389A96C2F9423ED000B62BF /* WidgetKit.framework */ = {isa = PBXFileReference; lastKnownFileType = wrapper.framework; name = WidgetKit.framework; path = System/Library/Frameworks/WidgetKit.framework; sourceTree = SDKROOT; };
		6389A96E2F9423ED000B62BF /* SwiftUI.framework */ = {isa = PBXFileReference; lastKnownFileType = wrapper.framework; name = SwiftUI.framework; path = System/Library/Frameworks/SwiftUI.framework; sourceTree = SDKROOT; };
		6389A9822F942477000B62BF /* StreakmapWidgetExtension.entitlements */ = {isa = PBXFileReference; lastKnownFileType = text.plist.entitlements; path = StreakmapWidgetExtension.entitlements; sourceTree = "<group>"; };
		A00200010000000100000001 /* StreakmapApp.swift */ = {isa = PBXFileReference; lastKnownFileType = sourcecode.swift; path = StreakmapApp.swift; sourceTree = "<group>"; };
		A00200010000000100000002 /* Color+Hex.swift */ = {isa = PBXFileReference; lastKnownFileType = sourcecode.swift; path = "Color+Hex.swift"; sourceTree = "<group>"; };
		A00200010000000100000003 /* StreakmapTheme.swift */ = {isa = PBXFileReference; lastKnownFileType = sourcecode.swift; path = StreakmapTheme.swift; sourceTree = "<group>"; };
		A00200010000000100000004 /* AppState.swift */ = {isa = PBXFileReference; lastKnownFileType = sourcecode.swift; path = AppState.swift; sourceTree = "<group>"; };
		A00200010000000100000005 /* Habit.swift */ = {isa = PBXFileReference; lastKnownFileType = sourcecode.swift; path = Habit.swift; sourceTree = "<group>"; };
		A00200010000000100000006 /* HabitColor.swift */ = {isa = PBXFileReference; lastKnownFileType = sourcecode.swift; path = HabitColor.swift; sourceTree = "<group>"; };
		A00200010000000100000007 /* HabitEntry.swift */ = {isa = PBXFileReference; lastKnownFileType = sourcecode.swift; path = HabitEntry.swift; sourceTree = "<group>"; };
		A00200010000000100000008 /* HapticService.swift */ = {isa = PBXFileReference; lastKnownFileType = sourcecode.swift; path = HapticService.swift; sourceTree = "<group>"; };
		A0020001000000010000000A /* ReminderService.swift */ = {isa = PBXFileReference; lastKnownFileType = sourcecode.swift; path = ReminderService.swift; sourceTree = "<group>"; };
		A0020001000000010000000B /* GlobalHeatmapView.swift */ = {isa = PBXFileReference; lastKnownFileType = sourcecode.swift; path = GlobalHeatmapView.swift; sourceTree = "<group>"; };
		A0020001000000010000000C /* HabitCard.swift */ = {isa = PBXFileReference; lastKnownFileType = sourcecode.swift; path = HabitCard.swift; sourceTree = "<group>"; };
		A0020001000000010000000D /* HabitHeatmapView.swift */ = {isa = PBXFileReference; lastKnownFileType = sourcecode.swift; path = HabitHeatmapView.swift; sourceTree = "<group>"; };
		A0020001000000010000000E /* HeatmapCell.swift */ = {isa = PBXFileReference; lastKnownFileType = sourcecode.swift; path = HeatmapCell.swift; sourceTree = "<group>"; };
		A0020001000000010000000F /* SectionCard.swift */ = {isa = PBXFileReference; lastKnownFileType = sourcecode.swift; path = SectionCard.swift; sourceTree = "<group>"; };
		A00200010000000100000010 /* AddHabitView.swift */ = {isa = PBXFileReference; lastKnownFileType = sourcecode.swift; path = AddHabitView.swift; sourceTree = "<group>"; };
		A00200010000000100000011 /* HabitsView.swift */ = {isa = PBXFileReference; lastKnownFileType = sourcecode.swift; path = HabitsView.swift; sourceTree = "<group>"; };
		A00200010000000100000012 /* HomeView.swift */ = {isa = PBXFileReference; lastKnownFileType = sourcecode.swift; path = HomeView.swift; sourceTree = "<group>"; };
		A00200010000000100000013 /* InsightsView.swift */ = {isa = PBXFileReference; lastKnownFileType = sourcecode.swift; path = InsightsView.swift; sourceTree = "<group>"; };
		A00200010000000100000014 /* OnboardingView.swift */ = {isa = PBXFileReference; lastKnownFileType = sourcecode.swift; path = OnboardingView.swift; sourceTree = "<group>"; };
		A00200010000000100000015 /* PremiumView.swift */ = {isa = PBXFileReference; lastKnownFileType = sourcecode.swift; path = PremiumView.swift; sourceTree = "<group>"; };
		A00200010000000100000016 /* RootTabView.swift */ = {isa = PBXFileReference; lastKnownFileType = sourcecode.swift; path = RootTabView.swift; sourceTree = "<group>"; };
		A00200010000000100000017 /* Assets.xcassets */ = {isa = PBXFileReference; lastKnownFileType = folder.assetcatalog; path = Assets.xcassets; sourceTree = "<group>"; };
		A00200010000000100000018 /* Preview Assets.xcassets */ = {isa = PBXFileReference; lastKnownFileType = folder.assetcatalog; path = "Preview Assets.xcassets"; sourceTree = "<group>"; };
		A00200010000000100000019 /* Info.plist */ = {isa = PBXFileReference; lastKnownFileType = text.plist.xml; path = Info.plist; sourceTree = "<group>"; };
		A0020001000000010000001A /* Streakmap.app */ = {isa = PBXFileReference; explicitFileType = wrapper.application; includeInIndex = 0; path = Streakmap.app; sourceTree = BUILT_PRODUCTS_DIR; };
		A0020001000000010000001B /* DayDetailView.swift */ = {isa = PBXFileReference; lastKnownFileType = sourcecode.swift; path = DayDetailView.swift; sourceTree = "<group>"; };
		A0020001000000010000001C /* HabitDetailView.swift */ = {isa = PBXFileReference; lastKnownFileType = sourcecode.swift; path = HabitDetailView.swift; sourceTree = "<group>"; };
		A0020001000000010000001D /* InsightStatCard.swift */ = {isa = PBXFileReference; lastKnownFileType = sourcecode.swift; path = InsightStatCard.swift; sourceTree = "<group>"; };
		A0020001000000010000001E /* PersistenceService.swift */ = {isa = PBXFileReference; lastKnownFileType = sourcecode.swift; path = PersistenceService.swift; sourceTree = "<group>"; };
		A0020001000000010000001F /* AppStorageKeys.swift */ = {isa = PBXFileReference; lastKnownFileType = sourcecode.swift; path = AppStorageKeys.swift; sourceTree = "<group>"; };
		A00200010000000100000020 /* SettingsView.swift */ = {isa = PBXFileReference; lastKnownFileType = sourcecode.swift; path = SettingsView.swift; sourceTree = "<group>"; };
		A00200010000000100000021 /* HabitRecord.swift */ = {isa = PBXFileReference; lastKnownFileType = sourcecode.swift; path = HabitRecord.swift; sourceTree = "<group>"; };
		A00200010000000100000022 /* HabitEntryRecord.swift */ = {isa = PBXFileReference; lastKnownFileType = sourcecode.swift; path = HabitEntryRecord.swift; sourceTree = "<group>"; };
		A00200010000000100000023 /* StoreKitService.swift */ = {isa = PBXFileReference; lastKnownFileType = sourcecode.swift; path = StoreKitService.swift; sourceTree = "<group>"; };
		A00200010000000100000024 /* PremiumProduct.swift */ = {isa = PBXFileReference; lastKnownFileType = sourcecode.swift; path = PremiumProduct.swift; sourceTree = "<group>"; };
		A00200010000000100000025 /* PricingCard.swift */ = {isa = PBXFileReference; lastKnownFileType = sourcecode.swift; path = PricingCard.swift; sourceTree = "<group>"; };
		A00200010000000100000026 /* EmptyStateCard.swift */ = {isa = PBXFileReference; lastKnownFileType = sourcecode.swift; path = EmptyStateCard.swift; sourceTree = "<group>"; };
		A00200010000000100000027 /* SwiftDataBootstrapService.swift */ = {isa = PBXFileReference; lastKnownFileType = sourcecode.swift; path = SwiftDataBootstrapService.swift; sourceTree = "<group>"; };
		A00200010000000100000028 /* SwiftDataStore.swift */ = {isa = PBXFileReference; lastKnownFileType = sourcecode.swift; path = SwiftDataStore.swift; sourceTree = "<group>"; };
		A00200010000000100000029 /* SwiftDataMigrationPlan.md */ = {isa = PBXFileReference; lastKnownFileType = net.daringfireball.markdown; path = SwiftDataMigrationPlan.md; sourceTree = "<group>"; };
		A0020001000000010000002A /* HeroStatPill.swift */ = {isa = PBXFileReference; lastKnownFileType = sourcecode.swift; path = HeroStatPill.swift; sourceTree = "<group>"; };
		A0020001000000010000002B /* PrimaryButtonStyle.swift */ = {isa = PBXFileReference; lastKnownFileType = sourcecode.swift; path = PrimaryButtonStyle.swift; sourceTree = "<group>"; };
		A0020001000000010000002C /* ScreenHeader.swift */ = {isa = PBXFileReference; lastKnownFileType = sourcecode.swift; path = ScreenHeader.swift; sourceTree = "<group>"; };
		A0020001000000010000002D /* EditHabitView.swift */ = {isa = PBXFileReference; lastKnownFileType = sourcecode.swift; path = EditHabitView.swift; sourceTree = "<group>"; };
		A0020001000000010000002E /* SecondaryButtonStyle.swift */ = {isa = PBXFileReference; lastKnownFileType = sourcecode.swift; path = SecondaryButtonStyle.swift; sourceTree = "<group>"; };
		A0020001000000010000002F /* HabitIcon.swift */ = {isa = PBXFileReference; lastKnownFileType = sourcecode.swift; path = HabitIcon.swift; sourceTree = "<group>"; };
		A00200010000000100000030 /* IconPickerGrid.swift */ = {isa = PBXFileReference; lastKnownFileType = sourcecode.swift; path = IconPickerGrid.swift; sourceTree = "<group>"; };
		A00200010000000100000031 /* ColorSwatchPicker.swift */ = {isa = PBXFileReference; lastKnownFileType = sourcecode.swift; path = ColorSwatchPicker.swift; sourceTree = "<group>"; };
		A00200010000000100000032 /* OnboardingFlowView.swift */ = {isa = PBXFileReference; lastKnownFileType = sourcecode.swift; path = OnboardingFlowView.swift; sourceTree = "<group>"; };
		A00200010000000100000033 /* HeatmapLegend.swift */ = {isa = PBXFileReference; lastKnownFileType = sourcecode.swift; path = HeatmapLegend.swift; sourceTree = "<group>"; };
		A00200010000000100000034 /* MockHeatmapCard.swift */ = {isa = PBXFileReference; lastKnownFileType = sourcecode.swift; path = MockHeatmapCard.swift; sourceTree = "<group>"; };
		A00200010000000100000035 /* FirstHabitSetupView.swift */ = {isa = PBXFileReference; lastKnownFileType = sourcecode.swift; path = FirstHabitSetupView.swift; sourceTree = "<group>"; };
		A00200010000000100000036 /* HabitStatusRow.swift */ = {isa = PBXFileReference; lastKnownFileType = sourcecode.swift; path = HabitStatusRow.swift; sourceTree = "<group>"; };
		A00200010000000100000037 /* GlobalDayDetailView.swift */ = {isa = PBXFileReference; lastKnownFileType = sourcecode.swift; path = GlobalDayDetailView.swift; sourceTree = "<group>"; };
		A00200010000000100000038 /* FeatureBulletRow.swift */ = {isa = PBXFileReference; lastKnownFileType = sourcecode.swift; path = FeatureBulletRow.swift; sourceTree = "<group>"; };
		A00200010000000100000039 /* PlanComparisonCard.swift */ = {isa = PBXFileReference; lastKnownFileType = sourcecode.swift; path = PlanComparisonCard.swift; sourceTree = "<group>"; };
		A0020001000000010000003A /* WidgetEntryModels.swift */ = {isa = PBXFileReference; lastKnownFileType = sourcecode.swift; path = WidgetEntryModels.swift; sourceTree = "<group>"; };
		A0020001000000010000003B /* WidgetDataBuilder.swift */ = {isa = PBXFileReference; lastKnownFileType = sourcecode.swift; path = WidgetDataBuilder.swift; sourceTree = "<group>"; };
		A0020001000000010000003C /* WidgetStorage.swift */ = {isa = PBXFileReference; lastKnownFileType = sourcecode.swift; path = WidgetStorage.swift; sourceTree = "<group>"; };
		A0020001000000010000003D /* SectionTitleRow.swift */ = {isa = PBXFileReference; lastKnownFileType = sourcecode.swift; path = SectionTitleRow.swift; sourceTree = "<group>"; };
		A0020001000000010000003E /* StatusBadge.swift */ = {isa = PBXFileReference; lastKnownFileType = sourcecode.swift; path = StatusBadge.swift; sourceTree = "<group>"; };
		A0020001000000010000003F /* SettingsActionRow.swift */ = {isa = PBXFileReference; lastKnownFileType = sourcecode.swift; path = SettingsActionRow.swift; sourceTree = "<group>"; };
		A00200010000000100000040 /* WidgetConfig.swift */ = {isa = PBXFileReference; lastKnownFileType = sourcecode.swift; path = WidgetConfig.swift; sourceTree = "<group>"; };
		A00200010000000100000041 /* WidgetAppGroupSetup.md */ = {isa = PBXFileReference; lastKnownFileType = net.daringfireball.markdown; path = WidgetAppGroupSetup.md; sourceTree = "<group>"; };
		A00200010000000100000042 /* CompactYearHeatmapGrid.swift */ = {isa = PBXFileReference; lastKnownFileType = sourcecode.swift; path = CompactYearHeatmapGrid.swift; sourceTree = "<group>"; };
		A00200010000000100000043 /* HabitWidgetEntryModels.swift */ = {isa = PBXFileReference; lastKnownFileType = sourcecode.swift; path = HabitWidgetEntryModels.swift; sourceTree = "<group>"; };
/* End PBXFileReference section */

/* Begin PBXFileSystemSynchronizedBuildFileExceptionSet section */
		6389A9802F9423EE000B62BF /* PBXFileSystemSynchronizedBuildFileExceptionSet */ = {
			isa = PBXFileSystemSynchronizedBuildFileExceptionSet;
			membershipExceptions = (
				Info.plist,
			);
			target = 6389A9692F9423ED000B62BF /* StreakmapWidgetExtension */;
		};
/* End PBXFileSystemSynchronizedBuildFileExceptionSet section */

/* Begin PBXFileSystemSynchronizedRootGroup section */
		6389A9702F9423ED000B62BF /* StreakmapWidget */ = {isa = PBXFileSystemSynchronizedRootGroup; exceptions = (6389A9802F9423EE000B62BF /* PBXFileSystemSynchronizedBuildFileExceptionSet */, ); explicitFileTypes = {}; explicitFolders = (); path = StreakmapWidget; sourceTree = "<group>"; };
/* End PBXFileSystemSynchronizedRootGroup section */

/* Begin PBXFrameworksBuildPhase section */
		6389A9672F9423ED000B62BF /* Frameworks */ = {
			isa = PBXFrameworksBuildPhase;
			buildActionMask = 2147483647;
			files = (
				6389A96F2F9423ED000B62BF /* SwiftUI.framework in Frameworks */,
				6389A96D2F9423ED000B62BF /* WidgetKit.framework in Frameworks */,
			);
			runOnlyForDeploymentPostprocessing = 0;
		};
		A00300010000000100000001 /* Frameworks */ = {
			isa = PBXFrameworksBuildPhase;
			buildActionMask = 2147483647;
			files = (
			);
			runOnlyForDeploymentPostprocessing = 0;
		};
/* End PBXFrameworksBuildPhase section */

/* Begin PBXGroup section */
		6389A96B2F9423ED000B62BF /* Frameworks */ = {
			isa = PBXGroup;
			children = (
				6389A96C2F9423ED000B62BF /* WidgetKit.framework */,
				6389A96E2F9423ED000B62BF /* SwiftUI.framework */,
			);
			name = Frameworks;
			sourceTree = "<group>";
		};
		A00400010000000100000001 = {
			isa = PBXGroup;
			children = (
				6389A9822F942477000B62BF /* StreakmapWidgetExtension.entitlements */,
				A00400010000000100000002 /* Streakmap */,
				6389A9702F9423ED000B62BF /* StreakmapWidget */,
				6389A96B2F9423ED000B62BF /* Frameworks */,
				A00400010000000100000008 /* Products */,
			);
			sourceTree = "<group>";
		};
		A00400010000000100000002 /* Streakmap */ = {
			isa = PBXGroup;
			children = (
				633C4B792F942001001083FA /* Streakmap.entitlements */,
				A00200010000000100000019 /* Info.plist */,
				A00200010000000100000001 /* StreakmapApp.swift */,
				A00400010000000100000003 /* DesignSystem */,
				A00400010000000100000004 /* Models */,
				A00400010000000100000005 /* Services */,
				A00400010000000100000006 /* Views */,
				A00400010000000100000007 /* Resources */,
				A0040001000000010000000E /* WidgetSupport */,
			);
			path = Streakmap;
			sourceTree = "<group>";
		};
		A00400010000000100000003 /* DesignSystem */ = {
			isa = PBXGroup;
			children = (
				A00200010000000100000002 /* Color+Hex.swift */,
				A00200010000000100000003 /* StreakmapTheme.swift */,
			);
			path = DesignSystem;
			sourceTree = "<group>";
		};
		A00400010000000100000004 /* Models */ = {
			isa = PBXGroup;
			children = (
				A00200010000000100000004 /* AppState.swift */,
				A0040001000000010000000B /* Persistence */,
				A0040001000000010000000C /* SwiftData */,
				A00200010000000100000005 /* Habit.swift */,
				A00200010000000100000006 /* HabitColor.swift */,
				A0020001000000010000002F /* HabitIcon.swift */,
				A00200010000000100000007 /* HabitEntry.swift */,
				A00200010000000100000036 /* HabitStatusRow.swift */,
			);
			path = Models;
			sourceTree = "<group>";
		};
		A00400010000000100000005 /* Services */ = {
			isa = PBXGroup;
			children = (
				A00200010000000100000008 /* HapticService.swift */,
				A0020001000000010000001E /* PersistenceService.swift */,
				A0020001000000010000000A /* ReminderService.swift */,
				A0040001000000010000000D /* StoreKit */,
				A00200010000000100000027 /* SwiftDataBootstrapService.swift */,
				A00200010000000100000028 /* SwiftDataStore.swift */,
			);
			path = Services;
			sourceTree = "<group>";
		};
		A00400010000000100000006 /* Views */ = {
			isa = PBXGroup;
			children = (
				A00400010000000100000009 /* Components */,
				A0040001000000010000000A /* Screens */,
			);
			path = Views;
			sourceTree = "<group>";
		};
		A00400010000000100000007 /* Resources */ = {
			isa = PBXGroup;
			children = (
				A00200010000000100000017 /* Assets.xcassets */,
				A00200010000000100000018 /* Preview Assets.xcassets */,
			);
			path = Resources;
			sourceTree = "<group>";
		};
		A00400010000000100000008 /* Products */ = {
			isa = PBXGroup;
			children = (
				A0020001000000010000001A /* Streakmap.app */,
				6389A96A2F9423ED000B62BF /* StreakmapWidgetExtension.appex */,
			);
			name = Products;
			sourceTree = "<group>";
		};
		A00400010000000100000009 /* Components */ = {
			isa = PBXGroup;
			children = (
				A00200010000000100000031 /* ColorSwatchPicker.swift */,
				A00200010000000100000042 /* CompactYearHeatmapGrid.swift */,
				A00200010000000100000026 /* EmptyStateCard.swift */,
				A00200010000000100000038 /* FeatureBulletRow.swift */,
				A0020001000000010000000B /* GlobalHeatmapView.swift */,
				A00200010000000100000033 /* HeatmapLegend.swift */,
				A0020001000000010000002A /* HeroStatPill.swift */,
				A00200010000000100000030 /* IconPickerGrid.swift */,
				A00200010000000100000034 /* MockHeatmapCard.swift */,
				A0020001000000010000000C /* HabitCard.swift */,
				A0020001000000010000000D /* HabitHeatmapView.swift */,
				A0020001000000010000000E /* HeatmapCell.swift */,
				A0020001000000010000001D /* InsightStatCard.swift */,
				A00200010000000100000039 /* PlanComparisonCard.swift */,
				A00200010000000100000025 /* PricingCard.swift */,
				A0020001000000010000002B /* PrimaryButtonStyle.swift */,
				A0020001000000010000002C /* ScreenHeader.swift */,
				A0020001000000010000003D /* SectionTitleRow.swift */,
				A0020001000000010000000F /* SectionCard.swift */,
				A0020001000000010000002E /* SecondaryButtonStyle.swift */,
				A0020001000000010000003F /* SettingsActionRow.swift */,
				A0020001000000010000003E /* StatusBadge.swift */,
			);
			path = Components;
			sourceTree = "<group>";
		};
		A0040001000000010000000A /* Screens */ = {
			isa = PBXGroup;
			children = (
				A00200010000000100000010 /* AddHabitView.swift */,
				A0020001000000010000001B /* DayDetailView.swift */,
				A0020001000000010000002D /* EditHabitView.swift */,
				A00200010000000100000035 /* FirstHabitSetupView.swift */,
				A00200010000000100000037 /* GlobalDayDetailView.swift */,
				A00200010000000100000011 /* HabitsView.swift */,
				A0020001000000010000001C /* HabitDetailView.swift */,
				A00200010000000100000012 /* HomeView.swift */,
				A00200010000000100000013 /* InsightsView.swift */,
				A00200010000000100000032 /* OnboardingFlowView.swift */,
				A00200010000000100000014 /* OnboardingView.swift */,
				A00200010000000100000015 /* PremiumView.swift */,
				A00200010000000100000016 /* RootTabView.swift */,
				A00200010000000100000020 /* SettingsView.swift */,
			);
			path = Screens;
			sourceTree = "<group>";
		};
		A0040001000000010000000B /* Persistence */ = {
			isa = PBXGroup;
			children = (
				A0020001000000010000001F /* AppStorageKeys.swift */,
			);
			path = Persistence;
			sourceTree = "<group>";
		};
		A0040001000000010000000C /* SwiftData */ = {
			isa = PBXGroup;
			children = (
				A00200010000000100000021 /* HabitRecord.swift */,
				A00200010000000100000022 /* HabitEntryRecord.swift */,
				A00200010000000100000029 /* SwiftDataMigrationPlan.md */,
			);
			path = SwiftData;
			sourceTree = "<group>";
		};
		A0040001000000010000000D /* StoreKit */ = {
			isa = PBXGroup;
			children = (
				A00200010000000100000024 /* PremiumProduct.swift */,
				A00200010000000100000023 /* StoreKitService.swift */,
			);
			path = StoreKit;
			sourceTree = "<group>";
		};
		A0040001000000010000000E /* WidgetSupport */ = {
			isa = PBXGroup;
			children = (
				A00200010000000100000043 /* HabitWidgetEntryModels.swift */,
				A00200010000000100000040 /* WidgetConfig.swift */,
				A0020001000000010000003A /* WidgetEntryModels.swift */,
				A0020001000000010000003B /* WidgetDataBuilder.swift */,
				A0020001000000010000003C /* WidgetStorage.swift */,
				A00200010000000100000041 /* WidgetAppGroupSetup.md */,
			);
			path = WidgetSupport;
			sourceTree = "<group>";
		};
/* End PBXGroup section */

/* Begin PBXNativeTarget section */
		6389A9692F9423ED000B62BF /* StreakmapWidgetExtension */ = {
			isa = PBXNativeTarget;
			buildConfigurationList = 6389A9812F9423EE000B62BF /* Build configuration list for PBXNativeTarget "StreakmapWidgetExtension" */;
			buildPhases = (
				6389A9662F9423ED000B62BF /* Sources */,
				6389A9672F9423ED000B62BF /* Frameworks */,
				6389A9682F9423ED000B62BF /* Resources */,
			);
			buildRules = (
			);
			dependencies = (
			);
			fileSystemSynchronizedGroups = (
				6389A9702F9423ED000B62BF /* StreakmapWidget */,
			);
			name = StreakmapWidgetExtension;
			packageProductDependencies = (
			);
			productName = StreakmapWidgetExtension;
			productReference = 6389A96A2F9423ED000B62BF /* StreakmapWidgetExtension.appex */;
			productType = "com.apple.product-type.app-extension";
		};
		A00500010000000100000001 /* Streakmap */ = {
			isa = PBXNativeTarget;
			buildConfigurationList = A00800010000000100000002 /* Build configuration list for PBXNativeTarget "Streakmap" */;
			buildPhases = (
				A00600010000000100000001 /* Sources */,
				A00300010000000100000001 /* Frameworks */,
				A00600010000000100000002 /* Resources */,
				6389A97D2F9423EE000B62BF /* Embed Foundation Extensions */,
			);
			buildRules = (
			);
			dependencies = (
				6389A97B2F9423EE000B62BF /* PBXTargetDependency */,
			);
			name = Streakmap;
			productName = Streakmap;
			productReference = A0020001000000010000001A /* Streakmap.app */;
			productType = "com.apple.product-type.application";
		};
/* End PBXNativeTarget section */

/* Begin PBXProject section */
		A00700010000000100000001 /* Project object */ = {
			isa = PBXProject;
			attributes = {
				BuildIndependentTargetsInParallel = 1;
				LastSwiftUpdateCheck = 2630;
				LastUpgradeCheck = 1600;
				TargetAttributes = {
					6389A9692F9423ED000B62BF = {
						CreatedOnToolsVersion = 26.3;
					};
					A00500010000000100000001 = {
						CreatedOnToolsVersion = 16.0;
					};
				};
			};
			buildConfigurationList = A00800010000000100000001 /* Build configuration list for PBXProject "Streakmap" */;
			compatibilityVersion = "Xcode 14.0";
			developmentRegion = en;
			hasScannedForEncodings = 0;
			knownRegions = (
				en,
				Base,
			);
			mainGroup = A00400010000000100000001;
			productRefGroup = A00400010000000100000008 /* Products */;
			projectDirPath = "";
			projectRoot = "";
			targets = (
				A00500010000000100000001 /* Streakmap */,
				6389A9692F9423ED000B62BF /* StreakmapWidgetExtension */,
			);
		};
/* End PBXProject section */

/* Begin PBXResourcesBuildPhase section */
		6389A9682F9423ED000B62BF /* Resources */ = {
			isa = PBXResourcesBuildPhase;
			buildActionMask = 2147483647;
			files = (
			);
			runOnlyForDeploymentPostprocessing = 0;
		};
		A00600010000000100000002 /* Resources */ = {
			isa = PBXResourcesBuildPhase;
			buildActionMask = 2147483647;
			files = (
				A00100010000000100000017 /* Assets.xcassets in Resources */,
				A00100010000000100000018 /* Preview Assets.xcassets in Resources */,
				A00100010000000100000028 /* SwiftDataMigrationPlan.md in Resources */,
			);
			runOnlyForDeploymentPostprocessing = 0;
		};
/* End PBXResourcesBuildPhase section */

/* Begin PBXSourcesBuildPhase section */
		6389A9662F9423ED000B62BF /* Sources */ = {
			isa = PBXSourcesBuildPhase;
			buildActionMask = 2147483647;
			files = (
			);
			runOnlyForDeploymentPostprocessing = 0;
		};
		A00600010000000100000001 /* Sources */ = {
			isa = PBXSourcesBuildPhase;
			buildActionMask = 2147483647;
			files = (
				A00100010000000100000010 /* AddHabitView.swift in Sources */,
				A00100010000000100000004 /* AppState.swift in Sources */,
				A0010001000000010000001E /* AppStorageKeys.swift in Sources */,
				A0010001000000010000001A /* DayDetailView.swift in Sources */,
				A00100010000000100000030 /* ColorSwatchPicker.swift in Sources */,
				A00100010000000100000040 /* CompactYearHeatmapGrid.swift in Sources */,
				A0010001000000010000002C /* EditHabitView.swift in Sources */,
				A00100010000000100000034 /* FirstHabitSetupView.swift in Sources */,
				A00100010000000100000036 /* GlobalDayDetailView.swift in Sources */,
				A00100010000000100000037 /* FeatureBulletRow.swift in Sources */,
				A00100010000000100000002 /* Color+Hex.swift in Sources */,
				A0010001000000010000000B /* GlobalHeatmapView.swift in Sources */,
				A00100010000000100000032 /* HeatmapLegend.swift in Sources */,
				A00100010000000100000008 /* HapticService.swift in Sources */,
				A00100010000000100000005 /* Habit.swift in Sources */,
				A0010001000000010000000C /* HabitCard.swift in Sources */,
				A00100010000000100000006 /* HabitColor.swift in Sources */,
				A0010001000000010000002E /* HabitIcon.swift in Sources */,
				A00100010000000100000035 /* HabitStatusRow.swift in Sources */,
				A00100010000000100000007 /* HabitEntry.swift in Sources */,
				A0010001000000010000000D /* HabitHeatmapView.swift in Sources */,
				A00100010000000100000011 /* HabitsView.swift in Sources */,
				A0010001000000010000001B /* HabitDetailView.swift in Sources */,
				A0010001000000010000000E /* HeatmapCell.swift in Sources */,
				A0010001000000010000001C /* InsightStatCard.swift in Sources */,
				A00100010000000100000038 /* PlanComparisonCard.swift in Sources */,
				A00100010000000100000012 /* HomeView.swift in Sources */,
				A00100010000000100000013 /* InsightsView.swift in Sources */,
				A00100010000000100000031 /* OnboardingFlowView.swift in Sources */,
				A00100010000000100000014 /* OnboardingView.swift in Sources */,
				A00100010000000100000015 /* PremiumView.swift in Sources */,
				A0010001000000010000001D /* PersistenceService.swift in Sources */,
				A0010001000000010000000A /* ReminderService.swift in Sources */,
				A00100010000000100000016 /* RootTabView.swift in Sources */,
				A00100010000000100000025 /* EmptyStateCard.swift in Sources */,
				A00100010000000100000020 /* HabitRecord.swift in Sources */,
				A00100010000000100000021 /* HabitEntryRecord.swift in Sources */,
				A0010001000000010000001F /* SettingsView.swift in Sources */,
				A00100010000000100000023 /* PremiumProduct.swift in Sources */,
				A00100010000000100000024 /* PricingCard.swift in Sources */,
				A0010001000000010000000F /* SectionCard.swift in Sources */,
				A0010001000000010000003C /* SectionTitleRow.swift in Sources */,
				A0010001000000010000003E /* SettingsActionRow.swift in Sources */,
				A0010001000000010000003D /* StatusBadge.swift in Sources */,
				A00100010000000100000022 /* StoreKitService.swift in Sources */,
				A00100010000000100000029 /* HeroStatPill.swift in Sources */,
				A00100010000000100000033 /* MockHeatmapCard.swift in Sources */,
				A0010001000000010000002A /* PrimaryButtonStyle.swift in Sources */,
				A0010001000000010000002D /* SecondaryButtonStyle.swift in Sources */,
				A0010001000000010000002F /* IconPickerGrid.swift in Sources */,
				A0010001000000010000002B /* ScreenHeader.swift in Sources */,
				A00100010000000100000026 /* SwiftDataBootstrapService.swift in Sources */,
				A00100010000000100000027 /* SwiftDataStore.swift in Sources */,
				A00100010000000100000001 /* StreakmapApp.swift in Sources */,
				A00100010000000100000003 /* StreakmapTheme.swift in Sources */,
				A00100010000000100000039 /* WidgetEntryModels.swift in Sources */,
				A0010001000000010000003A /* WidgetDataBuilder.swift in Sources */,
				A0010001000000010000003B /* WidgetStorage.swift in Sources */,
				A0010001000000010000003F /* WidgetConfig.swift in Sources */,
				A00100010000000100000041 /* HabitWidgetEntryModels.swift in Sources */,
			);
			runOnlyForDeploymentPostprocessing = 0;
		};
/* End PBXSourcesBuildPhase section */

/* Begin PBXTargetDependency section */
		6389A97B2F9423EE000B62BF /* PBXTargetDependency */ = {
			isa = PBXTargetDependency;
			target = 6389A9692F9423ED000B62BF /* StreakmapWidgetExtension */;
			targetProxy = 6389A97A2F9423EE000B62BF /* PBXContainerItemProxy */;
		};
/* End PBXTargetDependency section */

/* Begin XCBuildConfiguration section */
		6389A97E2F9423EE000B62BF /* Debug */ = {
			isa = XCBuildConfiguration;
			buildSettings = {
				ASSETCATALOG_COMPILER_GENERATE_SWIFT_ASSET_SYMBOL_EXTENSIONS = YES;
				ASSETCATALOG_COMPILER_GLOBAL_ACCENT_COLOR_NAME = AccentColor;
				ASSETCATALOG_COMPILER_WIDGET_BACKGROUND_COLOR_NAME = WidgetBackground;
				CLANG_ANALYZER_NONNULL = YES;
				CLANG_ANALYZER_NUMBER_OBJECT_CONVERSION = YES_AGGRESSIVE;
				CLANG_CXX_LANGUAGE_STANDARD = "gnu++20";
				CLANG_ENABLE_OBJC_WEAK = YES;
				CLANG_WARN_BLOCK_CAPTURE_AUTORELEASING = YES;
				CLANG_WARN_BOOL_CONVERSION = YES;
				CLANG_WARN_COMMA = YES;
				CLANG_WARN_CONSTANT_CONVERSION = YES;
				CLANG_WARN_DEPRECATED_OBJC_IMPLEMENTATIONS = YES;
				CLANG_WARN_DIRECT_OBJC_ISA_USAGE = YES_ERROR;
				CLANG_WARN_EMPTY_BODY = YES;
				CLANG_WARN_ENUM_CONVERSION = YES;
				CLANG_WARN_INFINITE_RECURSION = YES;
				CLANG_WARN_INT_CONVERSION = YES;
				CLANG_WARN_NON_LITERAL_NULL_CONVERSION = YES;
				CLANG_WARN_OBJC_IMPLICIT_RETAIN_SELF = YES;
				CLANG_WARN_OBJC_LITERAL_CONVERSION = YES;
				CLANG_WARN_OBJC_ROOT_CLASS = YES_ERROR;
				CLANG_WARN_RANGE_LOOP_ANALYSIS = YES;
				CLANG_WARN_STRICT_PROTOTYPES = YES;
				CLANG_WARN_SUSPICIOUS_MOVE = YES;
				CLANG_WARN_UNREACHABLE_CODE = YES;
				CLANG_WARN__DUPLICATE_METHOD_MATCH = YES;
				CODE_SIGN_ENTITLEMENTS = StreakmapWidgetExtension.entitlements;
				CODE_SIGN_STYLE = Automatic;
				COPY_PHASE_STRIP = NO;
				CURRENT_PROJECT_VERSION = 1;
				DEVELOPMENT_TEAM = HFVC9G5X5R;
				ENABLE_USER_SCRIPT_SANDBOXING = YES;
				GCC_WARN_64_TO_32_BIT_CONVERSION = YES;
				GCC_WARN_ABOUT_RETURN_TYPE = YES_ERROR;
				GCC_WARN_UNDECLARED_SELECTOR = YES;
				GCC_WARN_UNINITIALIZED_AUTOS = YES_AGGRESSIVE;
				GCC_WARN_UNUSED_FUNCTION = YES;
				GCC_WARN_UNUSED_VARIABLE = YES;
				GENERATE_INFOPLIST_FILE = YES;
				INFOPLIST_FILE = StreakmapWidget/Info.plist;
				INFOPLIST_KEY_CFBundleDisplayName = StreakmapWidget;
				INFOPLIST_KEY_NSHumanReadableCopyright = "";
				IPHONEOS_DEPLOYMENT_TARGET = 26.2;
				LD_RUNPATH_SEARCH_PATHS = (
					"$(inherited)",
					"@executable_path/Frameworks",
					"@executable_path/../../Frameworks",
				);
				LOCALIZATION_PREFERS_STRING_CATALOGS = YES;
				MARKETING_VERSION = 1.0;
				MTL_FAST_MATH = YES;
				ONLY_ACTIVE_ARCH = YES;
				PRODUCT_BUNDLE_IDENTIFIER = com.davidpreti.streakmap.StreakmapWidget;
				PRODUCT_NAME = "$(TARGET_NAME)";
				SKIP_INSTALL = YES;
				STRING_CATALOG_GENERATE_SYMBOLS = YES;
				SWIFT_APPROACHABLE_CONCURRENCY = YES;
				SWIFT_EMIT_LOC_STRINGS = YES;
				SWIFT_UPCOMING_FEATURE_MEMBER_IMPORT_VISIBILITY = YES;
				SWIFT_VERSION = 5.0;
				TARGETED_DEVICE_FAMILY = "1,2";
			};
			name = Debug;
		};
		6389A97F2F9423EE000B62BF /* Release */ = {
			isa = XCBuildConfiguration;
			buildSettings = {
				ASSETCATALOG_COMPILER_GENERATE_SWIFT_ASSET_SYMBOL_EXTENSIONS = YES;
				ASSETCATALOG_COMPILER_GLOBAL_ACCENT_COLOR_NAME = AccentColor;
				ASSETCATALOG_COMPILER_WIDGET_BACKGROUND_COLOR_NAME = WidgetBackground;
				CLANG_ANALYZER_NONNULL = YES;
				CLANG_ANALYZER_NUMBER_OBJECT_CONVERSION = YES_AGGRESSIVE;
				CLANG_CXX_LANGUAGE_STANDARD = "gnu++20";
				CLANG_ENABLE_OBJC_WEAK = YES;
				CLANG_WARN_BLOCK_CAPTURE_AUTORELEASING = YES;
				CLANG_WARN_BOOL_CONVERSION = YES;
				CLANG_WARN_COMMA = YES;
				CLANG_WARN_CONSTANT_CONVERSION = YES;
				CLANG_WARN_DEPRECATED_OBJC_IMPLEMENTATIONS = YES;
				CLANG_WARN_DIRECT_OBJC_ISA_USAGE = YES_ERROR;
				CLANG_WARN_EMPTY_BODY = YES;
				CLANG_WARN_ENUM_CONVERSION = YES;
				CLANG_WARN_INFINITE_RECURSION = YES;
				CLANG_WARN_INT_CONVERSION = YES;
				CLANG_WARN_NON_LITERAL_NULL_CONVERSION = YES;
				CLANG_WARN_OBJC_IMPLICIT_RETAIN_SELF = YES;
				CLANG_WARN_OBJC_LITERAL_CONVERSION = YES;
				CLANG_WARN_OBJC_ROOT_CLASS = YES_ERROR;
				CLANG_WARN_RANGE_LOOP_ANALYSIS = YES;
				CLANG_WARN_STRICT_PROTOTYPES = YES;
				CLANG_WARN_SUSPICIOUS_MOVE = YES;
				CLANG_WARN_UNREACHABLE_CODE = YES;
				CLANG_WARN__DUPLICATE_METHOD_MATCH = YES;
				CODE_SIGN_ENTITLEMENTS = StreakmapWidgetExtension.entitlements;
				CODE_SIGN_STYLE = Automatic;
				CURRENT_PROJECT_VERSION = 1;
				DEVELOPMENT_TEAM = HFVC9G5X5R;
				ENABLE_USER_SCRIPT_SANDBOXING = YES;
				GCC_WARN_64_TO_32_BIT_CONVERSION = YES;
				GCC_WARN_ABOUT_RETURN_TYPE = YES_ERROR;
				GCC_WARN_UNDECLARED_SELECTOR = YES;
				GCC_WARN_UNINITIALIZED_AUTOS = YES_AGGRESSIVE;
				GCC_WARN_UNUSED_FUNCTION = YES;
				GCC_WARN_UNUSED_VARIABLE = YES;
				GENERATE_INFOPLIST_FILE = YES;
				INFOPLIST_FILE = StreakmapWidget/Info.plist;
				INFOPLIST_KEY_CFBundleDisplayName = StreakmapWidget;
				INFOPLIST_KEY_NSHumanReadableCopyright = "";
				IPHONEOS_DEPLOYMENT_TARGET = 26.2;
				LD_RUNPATH_SEARCH_PATHS = (
					"$(inherited)",
					"@executable_path/Frameworks",
					"@executable_path/../../Frameworks",
				);
				LOCALIZATION_PREFERS_STRING_CATALOGS = YES;
				MARKETING_VERSION = 1.0;
				MTL_FAST_MATH = YES;
				PRODUCT_BUNDLE_IDENTIFIER = com.davidpreti.streakmap.StreakmapWidget;
				PRODUCT_NAME = "$(TARGET_NAME)";
				SKIP_INSTALL = YES;
				STRING_CATALOG_GENERATE_SYMBOLS = YES;
				SWIFT_APPROACHABLE_CONCURRENCY = YES;
				SWIFT_EMIT_LOC_STRINGS = YES;
				SWIFT_UPCOMING_FEATURE_MEMBER_IMPORT_VISIBILITY = YES;
				SWIFT_VERSION = 5.0;
				TARGETED_DEVICE_FAMILY = "1,2";
			};
			name = Release;
		};
		A00900010000000100000001 /* Debug */ = {
			isa = XCBuildConfiguration;
			buildSettings = {
				ALWAYS_SEARCH_USER_PATHS = NO;
				CLANG_ENABLE_MODULES = YES;
				CLANG_ENABLE_OBJC_ARC = YES;
				CLANG_WARN_DOCUMENTATION_COMMENTS = YES;
				CLANG_WARN_QUOTED_INCLUDE_IN_FRAMEWORK_HEADER = YES;
				CLANG_WARN_UNGUARDED_AVAILABILITY = YES_AGGRESSIVE;
				DEBUG_INFORMATION_FORMAT = dwarf;
				ENABLE_STRICT_OBJC_MSGSEND = YES;
				ENABLE_TESTABILITY = YES;
				GCC_C_LANGUAGE_STANDARD = gnu17;
				GCC_DYNAMIC_NO_PIC = NO;
				GCC_NO_COMMON_BLOCKS = YES;
				GCC_OPTIMIZATION_LEVEL = 0;
				GCC_PREPROCESSOR_DEFINITIONS = (
					"DEBUG=1",
					"$(inherited)",
				);
				IPHONEOS_DEPLOYMENT_TARGET = 17.0;
				MTL_ENABLE_DEBUG_INFO = INCLUDE_SOURCE;
				SDKROOT = iphoneos;
				SWIFT_ACTIVE_COMPILATION_CONDITIONS = "DEBUG $(inherited)";
				SWIFT_OPTIMIZATION_LEVEL = "-Onone";
				TARGETED_DEVICE_FAMILY = "1,2";
			};
			name = Debug;
		};
		A00900010000000100000002 /* Release */ = {
			isa = XCBuildConfiguration;
			buildSettings = {
				ALWAYS_SEARCH_USER_PATHS = NO;
				CLANG_ENABLE_MODULES = YES;
				CLANG_ENABLE_OBJC_ARC = YES;
				CLANG_WARN_DOCUMENTATION_COMMENTS = YES;
				CLANG_WARN_QUOTED_INCLUDE_IN_FRAMEWORK_HEADER = YES;
				CLANG_WARN_UNGUARDED_AVAILABILITY = YES_AGGRESSIVE;
				COPY_PHASE_STRIP = NO;
				DEBUG_INFORMATION_FORMAT = "dwarf-with-dsym";
				ENABLE_NS_ASSERTIONS = NO;
				ENABLE_STRICT_OBJC_MSGSEND = YES;
				GCC_C_LANGUAGE_STANDARD = gnu17;
				GCC_NO_COMMON_BLOCKS = YES;
				IPHONEOS_DEPLOYMENT_TARGET = 17.0;
				MTL_ENABLE_DEBUG_INFO = NO;
				SDKROOT = iphoneos;
				SWIFT_COMPILATION_MODE = wholemodule;
				TARGETED_DEVICE_FAMILY = "1,2";
				VALIDATE_PRODUCT = YES;
			};
			name = Release;
		};
		A00900010000000100000003 /* Debug */ = {
			isa = XCBuildConfiguration;
			buildSettings = {
				ASSETCATALOG_COMPILER_APPICON_NAME = AppIcon;
				CODE_SIGN_ENTITLEMENTS = Streakmap/Streakmap.entitlements;
				CODE_SIGN_STYLE = Automatic;
				CURRENT_PROJECT_VERSION = 1;
				DEVELOPMENT_ASSET_PATHS = "\"Streakmap/Resources/Preview Assets.xcassets\"";
				DEVELOPMENT_TEAM = HFVC9G5X5R;
				GENERATE_INFOPLIST_FILE = NO;
				INFOPLIST_FILE = Streakmap/Info.plist;
				INFOPLIST_KEY_UIApplicationSceneManifest_Generation = YES;
				INFOPLIST_KEY_UIStatusBarStyle = UIStatusBarStyleDarkContent;
				INFOPLIST_KEY_UISupportedInterfaceOrientations_iPad = "UIInterfaceOrientationPortrait UIInterfaceOrientationPortraitUpsideDown UIInterfaceOrientationLandscapeLeft UIInterfaceOrientationLandscapeRight";
				INFOPLIST_KEY_UISupportedInterfaceOrientations_iPhone = UIInterfaceOrientationPortrait;
				LD_RUNPATH_SEARCH_PATHS = (
					"$(inherited)",
					"@executable_path/Frameworks",
				);
				MARKETING_VERSION = 0.1.0;
				PRODUCT_BUNDLE_IDENTIFIER = com.davidpreti.streakmap;
				PRODUCT_NAME = "$(TARGET_NAME)";
				SUPPORTED_PLATFORMS = "iphoneos iphonesimulator";
				SWIFT_EMIT_LOC_STRINGS = YES;
				SWIFT_VERSION = 5.0;
			};
			name = Debug;
		};
		A00900010000000100000004 /* Release */ = {
			isa = XCBuildConfiguration;
			buildSettings = {
				ASSETCATALOG_COMPILER_APPICON_NAME = AppIcon;
				CODE_SIGN_ENTITLEMENTS = Streakmap/Streakmap.entitlements;
				CODE_SIGN_STYLE = Automatic;
				CURRENT_PROJECT_VERSION = 1;
				DEVELOPMENT_ASSET_PATHS = "\"Streakmap/Resources/Preview Assets.xcassets\"";
				DEVELOPMENT_TEAM = HFVC9G5X5R;
				GENERATE_INFOPLIST_FILE = NO;
				INFOPLIST_FILE = Streakmap/Info.plist;
				INFOPLIST_KEY_UIApplicationSceneManifest_Generation = YES;
				INFOPLIST_KEY_UIStatusBarStyle = UIStatusBarStyleDarkContent;
				INFOPLIST_KEY_UISupportedInterfaceOrientations_iPad = "UIInterfaceOrientationPortrait UIInterfaceOrientationPortraitUpsideDown UIInterfaceOrientationLandscapeLeft UIInterfaceOrientationLandscapeRight";
				INFOPLIST_KEY_UISupportedInterfaceOrientations_iPhone = UIInterfaceOrientationPortrait;
				LD_RUNPATH_SEARCH_PATHS = (
					"$(inherited)",
					"@executable_path/Frameworks",
				);
				MARKETING_VERSION = 0.1.0;
				PRODUCT_BUNDLE_IDENTIFIER = com.davidpreti.streakmap;
				PRODUCT_NAME = "$(TARGET_NAME)";
				SUPPORTED_PLATFORMS = "iphoneos iphonesimulator";
				SWIFT_EMIT_LOC_STRINGS = YES;
				SWIFT_VERSION = 5.0;
			};
			name = Release;
		};
/* End XCBuildConfiguration section */

/* Begin XCConfigurationList section */
		6389A9812F9423EE000B62BF /* Build configuration list for PBXNativeTarget "StreakmapWidgetExtension" */ = {
			isa = XCConfigurationList;
			buildConfigurations = (
				6389A97E2F9423EE000B62BF /* Debug */,
				6389A97F2F9423EE000B62BF /* Release */,
			);
			defaultConfigurationIsVisible = 0;
			defaultConfigurationName = Release;
		};
		A00800010000000100000001 /* Build configuration list for PBXProject "Streakmap" */ = {
			isa = XCConfigurationList;
			buildConfigurations = (
				A00900010000000100000001 /* Debug */,
				A00900010000000100000002 /* Release */,
			);
			defaultConfigurationIsVisible = 0;
			defaultConfigurationName = Release;
		};
		A00800010000000100000002 /* Build configuration list for PBXNativeTarget "Streakmap" */ = {
			isa = XCConfigurationList;
			buildConfigurations = (
				A00900010000000100000003 /* Debug */,
				A00900010000000100000004 /* Release */,
			);
			defaultConfigurationIsVisible = 0;
			defaultConfigurationName = Release;
		};
/* End XCConfigurationList section */
	};
	rootObject = A00700010000000100000001 /* Project object */;
}
